
Microsoft Visual Studio Solution File, Format Version 12.00
# Visual Studio 15
VisualStudioVersion = 15.0.28307.572
MinimumVisualStudioVersion = 10.0.40219.1
Project("{FAE04EC0-301F-11D3-BF4B-00C04F79EFBC}") = "AES File", "AES File\AES File.csproj", "{CEBB8970-2A58-4CEC-9078-5D02B65793F6}"
EndProject
Global
	GlobalSection(SolutionConfigurationPlatforms) = preSolution
		Debug|Any CPU = Debug|Any CPU
		Release|Any CPU = Release|Any CPU
	EndGlobalSection
	GlobalSection(ProjectConfigurationPlatforms) = postSolution
		{CEBB8970-2A58-4CEC-9078-5D02B65793F6}.Debug|Any CPU.ActiveCfg = Debug|Any CPU
		{CEBB8970-2A58-4CEC-9078-5D02B65793F6}.Debug|Any CPU.Build.0 = Debug|Any CPU
		{CEBB8970-2A58-4CEC-9078-5D02B65793F6}.Release|Any CPU.ActiveCfg = Release|Any CPU
		{CEBB8970-2A58-4CEC-9078-5D02B65793F6}.Release|Any CPU.Build.0 = Release|Any CPU
	EndGlobalSection
	GlobalSection(SolutionProperties) = preSolution
		HideSolutionNode = FALSE
	EndGlobalSection
	GlobalSection(ExtensibilityGlobals) = postSolution
		SolutionGuid = {685604D0-8787-48DB-B64C-B4ED58577DBC}
	EndGlobalSection
EndGlobal
